
Microsoft Visual Studio Solution File, Format Version 12.00
# Visual Studio 15
VisualStudioVersion = 15.0.26730.12
MinimumVisualStudioVersion = 10.0.40219.1
Project("{FAE04EC0-301F-11D3-BF4B-00C04F79EFBC}") = "Sharetop.Wopi", "Sharetop.Wopi\Sharetop.Wopi.csproj", "{35C9608E-C5FE-460C-936C-260F8E1FC197}"
EndProject
Project("{FAE04EC0-301F-11D3-BF4B-00C04F79EFBC}") = "Tester", "Tester\Tester.csproj", "{FC92CEC9-A56A-497D-BC9F-1391907031F3}"
EndProject
Global
	GlobalSection(SolutionConfigurationPlatforms) = preSolution
		Debug|Any CPU = Debug|Any CPU
		Release|Any CPU = Release|Any CPU
	EndGlobalSection
	GlobalSection(ProjectConfigurationPlatforms) = postSolution
		{35C9608E-C5FE-460C-936C-260F8E1FC197}.Debug|Any CPU.ActiveCfg = Debug|Any CPU
		{35C9608E-C5FE-460C-936C-260F8E1FC197}.Debug|Any CPU.Build.0 = Debug|Any CPU
		{35C9608E-C5FE-460C-936C-260F8E1FC197}.Release|Any CPU.ActiveCfg = Release|Any CPU
		{35C9608E-C5FE-460C-936C-260F8E1FC197}.Release|Any CPU.Build.0 = Release|Any CPU
		{FC92CEC9-A56A-497D-BC9F-1391907031F3}.Debug|Any CPU.ActiveCfg = Debug|Any CPU
		{FC92CEC9-A56A-497D-BC9F-1391907031F3}.Debug|Any CPU.Build.0 = Debug|Any CPU
		{FC92CEC9-A56A-497D-BC9F-1391907031F3}.Release|Any CPU.ActiveCfg = Release|Any CPU
		{FC92CEC9-A56A-497D-BC9F-1391907031F3}.Release|Any CPU.Build.0 = Release|Any CPU
	EndGlobalSection
	GlobalSection(SolutionProperties) = preSolution
		HideSolutionNode = FALSE
	EndGlobalSection
	GlobalSection(ExtensibilityGlobals) = postSolution
		SolutionGuid = {C33DF6E1-4705-4383-847D-A46015631656}
	EndGlobalSection
EndGlobal
